// !$*UTF8*$!
{
	archiveVersion = 1;
	classes = {
	};
	objectVersion = 50;
	objects = {

/* Begin PBXBuildFile section */
		8417DAD5F381C1ECA77AD611 /* Pods_Movies.framework in Frameworks */ = {isa = PBXBuildFile; fileRef = 797D7418B671426BFB55C632 /* Pods_Movies.framework */; };
		A0418E6764BFBB221423C8D3 /* Pods_MoviesTests.framework in Frameworks */ = {isa = PBXBuildFile; fileRef = E8EF64B86975913A5B12D858 /* Pods_MoviesTests.framework */; };
		A31E78FA21B55B5C00F0AE61 /* ClientViewController.swift in Sources */ = {isa = PBXBuildFile; fileRef = A31E78F921B55B5B00F0AE61 /* ClientViewController.swift */; };
		A31E78FE21B57D3500F0AE61 /* MovieViewController.swift in Sources */ = {isa = PBXBuildFile; fileRef = A31E78FD21B57D3500F0AE61 /* MovieViewController.swift */; };
		A31E790021B596DF00F0AE61 /* SearchMoviesViewController.swift in Sources */ = {isa = PBXBuildFile; fileRef = A31E78FF21B596DF00F0AE61 /* SearchMoviesViewController.swift */; };
		A3AAD4BE21B1B6D30020FB60 /* ClientsTableViewController.swift in Sources */ = {isa = PBXBuildFile; fileRef = A3AAD4BD21B1B6D30020FB60 /* ClientsTableViewController.swift */; };
		A3BDCFE921B71426008DB1BA /* Clients.swift in Sources */ = {isa = PBXBuildFile; fileRef = A3BDCFE821B71426008DB1BA /* Clients.swift */; };
		A3CC359321B81798000F48B7 /* ClientTableViewCell.swift in Sources */ = {isa = PBXBuildFile; fileRef = A3CC359221B81798000F48B7 /* ClientTableViewCell.swift */; };
		A3CC359521B8211A000F48B7 /* Movie.swift in Sources */ = {isa = PBXBuildFile; fileRef = A3CC359421B8211A000F48B7 /* Movie.swift */; };
		A3EF734521B1787000E1FA5F /* AppDelegate.swift in Sources */ = {isa = PBXBuildFile; fileRef = A3EF734421B1787000E1FA5F /* AppDelegate.swift */; };
		A3EF734721B1787000E1FA5F /* LoginViewController.swift in Sources */ = {isa = PBXBuildFile; fileRef = A3EF734621B1787000E1FA5F /* LoginViewController.swift */; };
		A3EF734A21B1787000E1FA5F /* Main.storyboard in Resources */ = {isa = PBXBuildFile; fileRef = A3EF734821B1787000E1FA5F /* Main.storyboard */; };
		A3EF734C21B1787C00E1FA5F /* Assets.xcassets in Resources */ = {isa = PBXBuildFile; fileRef = A3EF734B21B1787C00E1FA5F /* Assets.xcassets */; };
		A3EF734F21B1787C00E1FA5F /* LaunchScreen.storyboard in Resources */ = {isa = PBXBuildFile; fileRef = A3EF734D21B1787C00E1FA5F /* LaunchScreen.storyboard */; };
		A3EF735A21B1787C00E1FA5F /* MoviesTests.swift in Sources */ = {isa = PBXBuildFile; fileRef = A3EF735921B1787C00E1FA5F /* MoviesTests.swift */; };
/* End PBXBuildFile section */

/* Begin PBXContainerItemProxy section */
		A3EF735621B1787C00E1FA5F /* PBXContainerItemProxy */ = {
			isa = PBXContainerItemProxy;
			containerPortal = A3EF733921B1787000E1FA5F /* Project object */;
			proxyType = 1;
			remoteGlobalIDString = A3EF734021B1787000E1FA5F;
			remoteInfo = Movies;
		};
/* End PBXContainerItemProxy section */

/* Begin PBXFileReference section */
		1510E8691F008165E8A2A830 /* Pods-MoviesTests.release.xcconfig */ = {isa = PBXFileReference; includeInIndex = 1; lastKnownFileType = text.xcconfig; name = "Pods-MoviesTests.release.xcconfig"; path = "Pods/Target Support Files/Pods-MoviesTests/Pods-MoviesTests.release.xcconfig"; sourceTree = "<group>"; };
		797D7418B671426BFB55C632 /* Pods_Movies.framework */ = {isa = PBXFileReference; explicitFileType = wrapper.framework; includeInIndex = 0; path = Pods_Movies.framework; sourceTree = BUILT_PRODUCTS_DIR; };
		89796771EA0E351D1798EB9E /* Pods-MoviesTests.debug.xcconfig */ = {isa = PBXFileReference; includeInIndex = 1; lastKnownFileType = text.xcconfig; name = "Pods-MoviesTests.debug.xcconfig"; path = "Pods/Target Support Files/Pods-MoviesTests/Pods-MoviesTests.debug.xcconfig"; sourceTree = "<group>"; };
		A31E78F921B55B5B00F0AE61 /* ClientViewController.swift */ = {isa = PBXFileReference; lastKnownFileType = sourcecode.swift; path = ClientViewController.swift; sourceTree = "<group>"; };
		A31E78FD21B57D3500F0AE61 /* MovieViewController.swift */ = {isa = PBXFileReference; lastKnownFileType = sourcecode.swift; path = MovieViewController.swift; sourceTree = "<group>"; };
		A31E78FF21B596DF00F0AE61 /* SearchMoviesViewController.swift */ = {isa = PBXFileReference; lastKnownFileType = sourcecode.swift; path = SearchMoviesViewController.swift; sourceTree = "<group>"; };
		A3AAD4BD21B1B6D30020FB60 /* ClientsTableViewController.swift */ = {isa = PBXFileReference; lastKnownFileType = sourcecode.swift; path = ClientsTableViewController.swift; sourceTree = "<group>"; };
		A3BDCFE821B71426008DB1BA /* Clients.swift */ = {isa = PBXFileReference; lastKnownFileType = sourcecode.swift; path = Clients.swift; sourceTree = "<group>"; };
		A3CC359221B81798000F48B7 /* ClientTableViewCell.swift */ = {isa = PBXFileReference; lastKnownFileType = sourcecode.swift; path = ClientTableViewCell.swift; sourceTree = "<group>"; };
		A3CC359421B8211A000F48B7 /* Movie.swift */ = {isa = PBXFileReference; lastKnownFileType = sourcecode.swift; path = Movie.swift; sourceTree = "<group>"; };
		A3EF734121B1787000E1FA5F /* Movies.app */ = {isa = PBXFileReference; explicitFileType = wrapper.application; includeInIndex = 0; path = Movies.app; sourceTree = BUILT_PRODUCTS_DIR; };
		A3EF734421B1787000E1FA5F /* AppDelegate.swift */ = {isa = PBXFileReference; lastKnownFileType = sourcecode.swift; path = AppDelegate.swift; sourceTree = "<group>"; };
		A3EF734621B1787000E1FA5F /* LoginViewController.swift */ = {isa = PBXFileReference; lastKnownFileType = sourcecode.swift; path = LoginViewController.swift; sourceTree = "<group>"; };
		A3EF734921B1787000E1FA5F /* Base */ = {isa = PBXFileReference; lastKnownFileType = file.storyboard; name = Base; path = Base.lproj/Main.storyboard; sourceTree = "<group>"; };
		A3EF734B21B1787C00E1FA5F /* Assets.xcassets */ = {isa = PBXFileReference; lastKnownFileType = folder.assetcatalog; path = Assets.xcassets; sourceTree = "<group>"; };
		A3EF734E21B1787C00E1FA5F /* Base */ = {isa = PBXFileReference; lastKnownFileType = file.storyboard; name = Base; path = Base.lproj/LaunchScreen.storyboard; sourceTree = "<group>"; };
		A3EF735021B1787C00E1FA5F /* Info.plist */ = {isa = PBXFileReference; lastKnownFileType = text.plist.xml; path = Info.plist; sourceTree = "<group>"; };
		A3EF735521B1787C00E1FA5F /* MoviesTests.xctest */ = {isa = PBXFileReference; explicitFileType = wrapper.cfbundle; includeInIndex = 0; path = MoviesTests.xctest; sourceTree = BUILT_PRODUCTS_DIR; };
		A3EF735921B1787C00E1FA5F /* MoviesTests.swift */ = {isa = PBXFileReference; lastKnownFileType = sourcecode.swift; path = MoviesTests.swift; sourceTree = "<group>"; };
		A3EF735B21B1787C00E1FA5F /* Info.plist */ = {isa = PBXFileReference; lastKnownFileType = text.plist.xml; path = Info.plist; sourceTree = "<group>"; };
		B26B70AF183FE672734462D5 /* Pods-Movies.debug.xcconfig */ = {isa = PBXFileReference; includeInIndex = 1; lastKnownFileType = text.xcconfig; name = "Pods-Movies.debug.xcconfig"; path = "Pods/Target Support Files/Pods-Movies/Pods-Movies.debug.xcconfig"; sourceTree = "<group>"; };
		E8EF64B86975913A5B12D858 /* Pods_MoviesTests.framework */ = {isa = PBXFileReference; explicitFileType = wrapper.framework; includeInIndex = 0; path = Pods_MoviesTests.framework; sourceTree = BUILT_PRODUCTS_DIR; };
		FEA3591B290E89B12F601936 /* Pods-Movies.release.xcconfig */ = {isa = PBXFileReference; includeInIndex = 1; lastKnownFileType = text.xcconfig; name = "Pods-Movies.release.xcconfig"; path = "Pods/Target Support Files/Pods-Movies/Pods-Movies.release.xcconfig"; sourceTree = "<group>"; };
/* End PBXFileReference section */

/* Begin PBXFrameworksBuildPhase section */
		A3EF733E21B1787000E1FA5F /* Frameworks */ = {
			isa = PBXFrameworksBuildPhase;
			buildActionMask = 2147483647;
			files = (
				8417DAD5F381C1ECA77AD611 /* Pods_Movies.framework in Frameworks */,
			);
			runOnlyForDeploymentPostprocessing = 0;
		};
		A3EF735221B1787C00E1FA5F /* Frameworks */ = {
			isa = PBXFrameworksBuildPhase;
			buildActionMask = 2147483647;
			files = (
				A0418E6764BFBB221423C8D3 /* Pods_MoviesTests.framework in Frameworks */,
			);
			runOnlyForDeploymentPostprocessing = 0;
		};
/* End PBXFrameworksBuildPhase section */

/* Begin PBXGroup section */
		11F078613ECC670A8BFE314B /* Pods */ = {
			isa = PBXGroup;
			children = (
				B26B70AF183FE672734462D5 /* Pods-Movies.debug.xcconfig */,
				FEA3591B290E89B12F601936 /* Pods-Movies.release.xcconfig */,
				89796771EA0E351D1798EB9E /* Pods-MoviesTests.debug.xcconfig */,
				1510E8691F008165E8A2A830 /* Pods-MoviesTests.release.xcconfig */,
			);
			name = Pods;
			sourceTree = "<group>";
		};
		A3EF733821B1787000E1FA5F = {
			isa = PBXGroup;
			children = (
				A3EF734321B1787000E1FA5F /* Movies */,
				A3EF735821B1787C00E1FA5F /* MoviesTests */,
				A3EF734221B1787000E1FA5F /* Products */,
				11F078613ECC670A8BFE314B /* Pods */,
				C3C5D74FD4396D3599FB9D46 /* Frameworks */,
			);
			sourceTree = "<group>";
		};
		A3EF734221B1787000E1FA5F /* Products */ = {
			isa = PBXGroup;
			children = (
				A3EF734121B1787000E1FA5F /* Movies.app */,
				A3EF735521B1787C00E1FA5F /* MoviesTests.xctest */,
			);
			name = Products;
			sourceTree = "<group>";
		};
		A3EF734321B1787000E1FA5F /* Movies */ = {
			isa = PBXGroup;
			children = (
				A3BDCFE821B71426008DB1BA /* Clients.swift */,
				A3CC359421B8211A000F48B7 /* Movie.swift */,
				A3EF734421B1787000E1FA5F /* AppDelegate.swift */,
				A3EF734621B1787000E1FA5F /* LoginViewController.swift */,
				A3EF734821B1787000E1FA5F /* Main.storyboard */,
				A31E78FD21B57D3500F0AE61 /* MovieViewController.swift */,
				A3AAD4BD21B1B6D30020FB60 /* ClientsTableViewController.swift */,
				A31E78F921B55B5B00F0AE61 /* ClientViewController.swift */,
				A3CC359221B81798000F48B7 /* ClientTableViewCell.swift */,
				A31E78FF21B596DF00F0AE61 /* SearchMoviesViewController.swift */,
				A3EF734B21B1787C00E1FA5F /* Assets.xcassets */,
				A3EF734D21B1787C00E1FA5F /* LaunchScreen.storyboard */,
				A3EF735021B1787C00E1FA5F /* Info.plist */,
			);
			path = Movies;
			sourceTree = "<group>";
		};
		A3EF735821B1787C00E1FA5F /* MoviesTests */ = {
			isa = PBXGroup;
			children = (
				A3EF735921B1787C00E1FA5F /* MoviesTests.swift */,
				A3EF735B21B1787C00E1FA5F /* Info.plist */,
			);
			path = MoviesTests;
			sourceTree = "<group>";
		};
		C3C5D74FD4396D3599FB9D46 /* Frameworks */ = {
			isa = PBXGroup;
			children = (
				797D7418B671426BFB55C632 /* Pods_Movies.framework */,
				E8EF64B86975913A5B12D858 /* Pods_MoviesTests.framework */,
			);
			name = Frameworks;
			sourceTree = "<group>";
		};
/* End PBXGroup section */

/* Begin PBXNativeTarget section */
		A3EF734021B1787000E1FA5F /* Movies */ = {
			isa = PBXNativeTarget;
			buildConfigurationList = A3EF735E21B1787C00E1FA5F /* Build configuration list for PBXNativeTarget "Movies" */;
			buildPhases = (
				B37A786EDF893C7FB72A1879 /* [CP] Check Pods Manifest.lock */,
				A3EF733D21B1787000E1FA5F /* Sources */,
				A3EF733E21B1787000E1FA5F /* Frameworks */,
				A3EF733F21B1787000E1FA5F /* Resources */,
				0796719C63513D1BE08F2CC8 /* [CP] Embed Pods Frameworks */,
			);
			buildRules = (
			);
			dependencies = (
			);
			name = Movies;
			productName = Movies;
			productReference = A3EF734121B1787000E1FA5F /* Movies.app */;
			productType = "com.apple.product-type.application";
		};
		A3EF735421B1787C00E1FA5F /* MoviesTests */ = {
			isa = PBXNativeTarget;
			buildConfigurationList = A3EF736121B1787C00E1FA5F /* Build configuration list for PBXNativeTarget "MoviesTests" */;
			buildPhases = (
				217FFF43738FC14F9B9DF059 /* [CP] Check Pods Manifest.lock */,
				A3EF735121B1787C00E1FA5F /* Sources */,
				A3EF735221B1787C00E1FA5F /* Frameworks */,
				A3EF735321B1787C00E1FA5F /* Resources */,
			);
			buildRules = (
			);
			dependencies = (
				A3EF735721B1787C00E1FA5F /* PBXTargetDependency */,
			);
			name = MoviesTests;
			productName = MoviesTests;
			productReference = A3EF735521B1787C00E1FA5F /* MoviesTests.xctest */;
			productType = "com.apple.product-type.bundle.unit-test";
		};
/* End PBXNativeTarget section */

/* Begin PBXProject section */
		A3EF733921B1787000E1FA5F /* Project object */ = {
			isa = PBXProject;
			attributes = {
				LastSwiftUpdateCheck = 1010;
				LastUpgradeCheck = 1010;
				ORGANIZATIONNAME = Dario;
				TargetAttributes = {
					A3EF734021B1787000E1FA5F = {
						CreatedOnToolsVersion = 10.1;
					};
					A3EF735421B1787C00E1FA5F = {
						CreatedOnToolsVersion = 10.1;
						TestTargetID = A3EF734021B1787000E1FA5F;
					};
				};
			};
			buildConfigurationList = A3EF733C21B1787000E1FA5F /* Build configuration list for PBXProject "Movies" */;
			compatibilityVersion = "Xcode 9.3";
			developmentRegion = en;
			hasScannedForEncodings = 0;
			knownRegions = (
				en,
				Base,
			);
			mainGroup = A3EF733821B1787000E1FA5F;
			productRefGroup = A3EF734221B1787000E1FA5F /* Products */;
			projectDirPath = "";
			projectRoot = "";
			targets = (
				A3EF734021B1787000E1FA5F /* Movies */,
				A3EF735421B1787C00E1FA5F /* MoviesTests */,
			);
		};
/* End PBXProject section */

/* Begin PBXResourcesBuildPhase section */
		A3EF733F21B1787000E1FA5F /* Resources */ = {
			isa = PBXResourcesBuildPhase;
			buildActionMask = 2147483647;
			files = (
				A3EF734F21B1787C00E1FA5F /* LaunchScreen.storyboard in Resources */,
				A3EF734C21B1787C00E1FA5F /* Assets.xcassets in Resources */,
				A3EF734A21B1787000E1FA5F /* Main.storyboard in Resources */,
			);
			runOnlyForDeploymentPostprocessing = 0;
		};
		A3EF735321B1787C00E1FA5F /* Resources */ = {
			isa = PBXResourcesBuildPhase;
			buildActionMask = 2147483647;
			files = (
			);
			runOnlyForDeploymentPostprocessing = 0;
		};
/* End PBXResourcesBuildPhase section */

/* Begin PBXShellScriptBuildPhase section */
		0796719C63513D1BE08F2CC8 /* [CP] Embed Pods Frameworks */ = {
			isa = PBXShellScriptBuildPhase;
			buildActionMask = 2147483647;
			files = (
			);
			inputFileListPaths = (
			);
			inputPaths = (
				"${SRCROOT}/Pods/Target Support Files/Pods-Movies/Pods-Movies-frameworks.sh",
				"${BUILT_PRODUCTS_DIR}/Alamofire/Alamofire.framework",
			);
			name = "[CP] Embed Pods Frameworks";
			outputFileListPaths = (
			);
			outputPaths = (
				"${TARGET_BUILD_DIR}/${FRAMEWORKS_FOLDER_PATH}/Alamofire.framework",
			);
			runOnlyForDeploymentPostprocessing = 0;
			shellPath = /bin/sh;
			shellScript = "\"${SRCROOT}/Pods/Target Support Files/Pods-Movies/Pods-Movies-frameworks.sh\"\n";
			showEnvVarsInLog = 0;
		};
		217FFF43738FC14F9B9DF059 /* [CP] Check Pods Manifest.lock */ = {
			isa = PBXShellScriptBuildPhase;
			buildActionMask = 2147483647;
			files = (
			);
			inputFileListPaths = (
			);
			inputPaths = (
				"${PODS_PODFILE_DIR_PATH}/Podfile.lock",
				"${PODS_ROOT}/Manifest.lock",
			);
			name = "[CP] Check Pods Manifest.lock";
			outputFileListPaths = (
			);
			outputPaths = (
				"$(DERIVED_FILE_DIR)/Pods-MoviesTests-checkManifestLockResult.txt",
			);
			runOnlyForDeploymentPostprocessing = 0;
			shellPath = /bin/sh;
			shellScript = "diff \"${PODS_PODFILE_DIR_PATH}/Podfile.lock\" \"${PODS_ROOT}/Manifest.lock\" > /dev/null\nif [ $? != 0 ] ; then\n    # print error to STDERR\n    echo \"error: The sandbox is not in sync with the Podfile.lock. Run 'pod install' or update your CocoaPods installation.\" >&2\n    exit 1\nfi\n# This output is used by Xcode 'outputs' to avoid re-running this script phase.\necho \"SUCCESS\" > \"${SCRIPT_OUTPUT_FILE_0}\"\n";
			showEnvVarsInLog = 0;
		};
		B37A786EDF893C7FB72A1879 /* [CP] Check Pods Manifest.lock */ = {
			isa = PBXShellScriptBuildPhase;
			buildActionMask = 2147483647;
			files = (
			);
			inputFileListPaths = (
			);
			inputPaths = (
				"${PODS_PODFILE_DIR_PATH}/Podfile.lock",
				"${PODS_ROOT}/Manifest.lock",
			);
			name = "[CP] Check Pods Manifest.lock";
			outputFileListPaths = (
			);
			outputPaths = (
				"$(DERIVED_FILE_DIR)/Pods-Movies-checkManifestLockResult.txt",
			);
			runOnlyForDeploymentPostprocessing = 0;
			shellPath = /bin/sh;
			shellScript = "diff \"${PODS_PODFILE_DIR_PATH}/Podfile.lock\" \"${PODS_ROOT}/Manifest.lock\" > /dev/null\nif [ $? != 0 ] ; then\n    # print error to STDERR\n    echo \"error: The sandbox is not in sync with the Podfile.lock. Run 'pod install' or update your CocoaPods installation.\" >&2\n    exit 1\nfi\n# This output is used by Xcode 'outputs' to avoid re-running this script phase.\necho \"SUCCESS\" > \"${SCRIPT_OUTPUT_FILE_0}\"\n";
			showEnvVarsInLog = 0;
		};
/* End PBXShellScriptBuildPhase section */

/* Begin PBXSourcesBuildPhase section */
		A3EF733D21B1787000E1FA5F /* Sources */ = {
			isa = PBXSourcesBuildPhase;
			buildActionMask = 2147483647;
			files = (
				A3AAD4BE21B1B6D30020FB60 /* ClientsTableViewController.swift in Sources */,
				A3BDCFE921B71426008DB1BA /* Clients.swift in Sources */,
				A3CC359521B8211A000F48B7 /* Movie.swift in Sources */,
				A3EF734721B1787000E1FA5F /* LoginViewController.swift in Sources */,
				A3EF734521B1787000E1FA5F /* AppDelegate.swift in Sources */,
				A31E78FA21B55B5C00F0AE61 /* ClientViewController.swift in Sources */,
				A31E790021B596DF00F0AE61 /* SearchMoviesViewController.swift in Sources */,
				A3CC359321B81798000F48B7 /* ClientTableViewCell.swift in Sources */,
				A31E78FE21B57D3500F0AE61 /* MovieViewController.swift in Sources */,
			);
			runOnlyForDeploymentPostprocessing = 0;
		};
		A3EF735121B1787C00E1FA5F /* Sources */ = {
			isa = PBXSourcesBuildPhase;
			buildActionMask = 2147483647;
			files = (
				A3EF735A21B1787C00E1FA5F /* MoviesTests.swift in Sources */,
			);
			runOnlyForDeploymentPostprocessing = 0;
		};
/* End PBXSourcesBuildPhase section */

/* Begin PBXTargetDependency section */
		A3EF735721B1787C00E1FA5F /* PBXTargetDependency */ = {
			isa = PBXTargetDependency;
			target = A3EF734021B1787000E1FA5F /* Movies */;
			targetProxy = A3EF735621B1787C00E1FA5F /* PBXContainerItemProxy */;
		};
/* End PBXTargetDependency section */

/* Begin PBXVariantGroup section */
		A3EF734821B1787000E1FA5F /* Main.storyboard */ = {
			isa = PBXVariantGroup;
			children = (
				A3EF734921B1787000E1FA5F /* Base */,
			);
			name = Main.storyboard;
			sourceTree = "<group>";
		};
		A3EF734D21B1787C00E1FA5F /* LaunchScreen.storyboard */ = {
			isa = PBXVariantGroup;
			children = (
				A3EF734E21B1787C00E1FA5F /* Base */,
			);
			name = LaunchScreen.storyboard;
			sourceTree = "<group>";
		};
/* End PBXVariantGroup section */

/* Begin XCBuildConfiguration section */
		A3EF735C21B1787C00E1FA5F /* Debug */ = {
			isa = XCBuildConfiguration;
			buildSettings = {
				ALWAYS_SEARCH_USER_PATHS = NO;
				CLANG_ANALYZER_NONNULL = YES;
				CLANG_ANALYZER_NUMBER_OBJECT_CONVERSION = YES_AGGRESSIVE;
				CLANG_CXX_LANGUAGE_STANDARD = "gnu++14";
				CLANG_CXX_LIBRARY = "libc++";
				CLANG_ENABLE_MODULES = YES;
				CLANG_ENABLE_OBJC_ARC = YES;
				CLANG_ENABLE_OBJC_WEAK = YES;
				CLANG_WARN_BLOCK_CAPTURE_AUTORELEASING = YES;
				CLANG_WARN_BOOL_CONVERSION = YES;
				CLANG_WARN_COMMA = YES;
				CLANG_WARN_CONSTANT_CONVERSION = YES;
				CLANG_WARN_DEPRECATED_OBJC_IMPLEMENTATIONS = YES;
				CLANG_WARN_DIRECT_OBJC_ISA_USAGE = YES_ERROR;
				CLANG_WARN_DOCUMENTATION_COMMENTS = YES;
				CLANG_WARN_EMPTY_BODY = YES;
				CLANG_WARN_ENUM_CONVERSION = YES;
				CLANG_WARN_INFINITE_RECURSION = YES;
				CLANG_WARN_INT_CONVERSION = YES;
				CLANG_WARN_NON_LITERAL_NULL_CONVERSION = YES;
				CLANG_WARN_OBJC_IMPLICIT_RETAIN_SELF = YES;
				CLANG_WARN_OBJC_LITERAL_CONVERSION = YES;
				CLANG_WARN_OBJC_ROOT_CLASS = YES_ERROR;
				CLANG_WARN_RANGE_LOOP_ANALYSIS = YES;
				CLANG_WARN_STRICT_PROTOTYPES = YES;
				CLANG_WARN_SUSPICIOUS_MOVE = YES;
				CLANG_WARN_UNGUARDED_AVAILABILITY = YES_AGGRESSIVE;
				CLANG_WARN_UNREACHABLE_CODE = YES;
				CLANG_WARN__DUPLICATE_METHOD_MATCH = YES;
				CODE_SIGN_IDENTITY = "iPhone Developer";
				COPY_PHASE_STRIP = NO;
				DEBUG_INFORMATION_FORMAT = dwarf;
				ENABLE_STRICT_OBJC_MSGSEND = YES;
				ENABLE_TESTABILITY = YES;
				GCC_C_LANGUAGE_STANDARD = gnu11;
				GCC_DYNAMIC_NO_PIC = NO;
				GCC_NO_COMMON_BLOCKS = YES;
				GCC_OPTIMIZATION_LEVEL = 0;
				GCC_PREPROCESSOR_DEFINITIONS = (
					"DEBUG=1",
					"$(inherited)",
				);
				GCC_WARN_64_TO_32_BIT_CONVERSION = YES;
				GCC_WARN_ABOUT_RETURN_TYPE = YES_ERROR;
				GCC_WARN_UNDECLARED_SELECTOR = YES;
				GCC_WARN_UNINITIALIZED_AUTOS = YES_AGGRESSIVE;
				GCC_WARN_UNUSED_FUNCTION = YES;
				GCC_WARN_UNUSED_VARIABLE = YES;
				IPHONEOS_DEPLOYMENT_TARGET = 12.1;
				MTL_ENABLE_DEBUG_INFO = INCLUDE_SOURCE;
				MTL_FAST_MATH = YES;
				ONLY_ACTIVE_ARCH = YES;
				SDKROOT = iphoneos;
				SWIFT_ACTIVE_COMPILATION_CONDITIONS = DEBUG;
				SWIFT_OPTIMIZATION_LEVEL = "-Onone";
			};
			name = Debug;
		};
		A3EF735D21B1787C00E1FA5F /* Release */ = {
			isa = XCBuildConfiguration;
			buildSettings = {
				ALWAYS_SEARCH_USER_PATHS = NO;
				CLANG_ANALYZER_NONNULL = YES;
				CLANG_ANALYZER_NUMBER_OBJECT_CONVERSION = YES_AGGRESSIVE;
				CLANG_CXX_LANGUAGE_STANDARD = "gnu++14";
				CLANG_CXX_LIBRARY = "libc++";
				CLANG_ENABLE_MODULES = YES;
				CLANG_ENABLE_OBJC_ARC = YES;
				CLANG_ENABLE_OBJC_WEAK = YES;
				CLANG_WARN_BLOCK_CAPTURE_AUTORELEASING = YES;
				CLANG_WARN_BOOL_CONVERSION = YES;
				CLANG_WARN_COMMA = YES;
				CLANG_WARN_CONSTANT_CONVERSION = YES;
				CLANG_WARN_DEPRECATED_OBJC_IMPLEMENTATIONS = YES;
				CLANG_WARN_DIRECT_OBJC_ISA_USAGE = YES_ERROR;
				CLANG_WARN_DOCUMENTATION_COMMENTS = YES;
				CLANG_WARN_EMPTY_BODY = YES;
				CLANG_WARN_ENUM_CONVERSION = YES;
				CLANG_WARN_INFINITE_RECURSION = YES;
				CLANG_WARN_INT_CONVERSION = YES;
				CLANG_WARN_NON_LITERAL_NULL_CONVERSION = YES;
				CLANG_WARN_OBJC_IMPLICIT_RETAIN_SELF = YES;
				CLANG_WARN_OBJC_LITERAL_CONVERSION = YES;
				CLANG_WARN_OBJC_ROOT_CLASS = YES_ERROR;
				CLANG_WARN_RANGE_LOOP_ANALYSIS = YES;
				CLANG_WARN_STRICT_PROTOTYPES = YES;
				CLANG_WARN_SUSPICIOUS_MOVE = YES;
				CLANG_WARN_UNGUARDED_AVAILABILITY = YES_AGGRESSIVE;
				CLANG_WARN_UNREACHABLE_CODE = YES;
				CLANG_WARN__DUPLICATE_METHOD_MATCH = YES;
				CODE_SIGN_IDENTITY = "iPhone Developer";
				COPY_PHASE_STRIP = NO;
				DEBUG_INFORMATION_FORMAT = "dwarf-with-dsym";
				ENABLE_NS_ASSERTIONS = NO;
				ENABLE_STRICT_OBJC_MSGSEND = YES;
				GCC_C_LANGUAGE_STANDARD = gnu11;
				GCC_NO_COMMON_BLOCKS = YES;
				GCC_WARN_64_TO_32_BIT_CONVERSION = YES;
				GCC_WARN_ABOUT_RETURN_TYPE = YES_ERROR;
				GCC_WARN_UNDECLARED_SELECTOR = YES;
				GCC_WARN_UNINITIALIZED_AUTOS = YES_AGGRESSIVE;
				GCC_WARN_UNUSED_FUNCTION = YES;
				GCC_WARN_UNUSED_VARIABLE = YES;
				IPHONEOS_DEPLOYMENT_TARGET = 12.1;
				MTL_ENABLE_DEBUG_INFO = NO;
				MTL_FAST_MATH = YES;
				SDKROOT = iphoneos;
				SWIFT_COMPILATION_MODE = wholemodule;
				SWIFT_OPTIMIZATION_LEVEL = "-O";
				VALIDATE_PRODUCT = YES;
			};
			name = Release;
		};
		A3EF735F21B1787C00E1FA5F /* Debug */ = {
			isa = XCBuildConfiguration;
			baseConfigurationReference = B26B70AF183FE672734462D5 /* Pods-Movies.debug.xcconfig */;
			buildSettings = {
				ASSETCATALOG_COMPILER_APPICON_NAME = AppIcon;
				CODE_SIGN_STYLE = Automatic;
				DEVELOPMENT_TEAM = 3GR3GYXUVV;
				INFOPLIST_FILE = Movies/Info.plist;
				LD_RUNPATH_SEARCH_PATHS = (
					"$(inherited)",
					"@executable_path/Frameworks",
				);
				PRODUCT_BUNDLE_IDENTIFIER = kevinJose.Movies;
				PRODUCT_NAME = "$(TARGET_NAME)";
				SWIFT_VERSION = 4.2;
				TARGETED_DEVICE_FAMILY = "1,2";
			};
			name = Debug;
		};
		A3EF736021B1787C00E1FA5F /* Release */ = {
			isa = XCBuildConfiguration;
			baseConfigurationReference = FEA3591B290E89B12F601936 /* Pods-Movies.release.xcconfig */;
			buildSettings = {
				ASSETCATALOG_COMPILER_APPICON_NAME = AppIcon;
				CODE_SIGN_STYLE = Automatic;
				DEVELOPMENT_TEAM = 3GR3GYXUVV;
				INFOPLIST_FILE = Movies/Info.plist;
				LD_RUNPATH_SEARCH_PATHS = (
					"$(inherited)",
					"@executable_path/Frameworks",
				);
				PRODUCT_BUNDLE_IDENTIFIER = kevinJose.Movies;
				PRODUCT_NAME = "$(TARGET_NAME)";
				SWIFT_VERSION = 4.2;
				TARGETED_DEVICE_FAMILY = "1,2";
			};
			name = Release;
		};
		A3EF736221B1787C00E1FA5F /* Debug */ = {
			isa = XCBuildConfiguration;
			baseConfigurationReference = 89796771EA0E351D1798EB9E /* Pods-MoviesTests.debug.xcconfig */;
			buildSettings = {
				ALWAYS_EMBED_SWIFT_STANDARD_LIBRARIES = YES;
				BUNDLE_LOADER = "$(TEST_HOST)";
				CODE_SIGN_STYLE = Automatic;
				DEVELOPMENT_TEAM = 3GR3GYXUVV;
				INFOPLIST_FILE = MoviesTests/Info.plist;
				LD_RUNPATH_SEARCH_PATHS = (
					"$(inherited)",
					"@executable_path/Frameworks",
					"@loader_path/Frameworks",
				);
				PRODUCT_BUNDLE_IDENTIFIER = kevinJose.MoviesTests;
				PRODUCT_NAME = "$(TARGET_NAME)";
				SWIFT_VERSION = 4.2;
				TARGETED_DEVICE_FAMILY = "1,2";
				TEST_HOST = "$(BUILT_PRODUCTS_DIR)/Movies.app/Movies";
			};
			name = Debug;
		};
		A3EF736321B1787C00E1FA5F /* Release */ = {
			isa = XCBuildConfiguration;
			baseConfigurationReference = 1510E8691F008165E8A2A830 /* Pods-MoviesTests.release.xcconfig */;
			buildSettings = {
				ALWAYS_EMBED_SWIFT_STANDARD_LIBRARIES = YES;
				BUNDLE_LOADER = "$(TEST_HOST)";
				CODE_SIGN_STYLE = Automatic;
				DEVELOPMENT_TEAM = 3GR3GYXUVV;
				INFOPLIST_FILE = MoviesTests/Info.plist;
				LD_RUNPATH_SEARCH_PATHS = (
					"$(inherited)",
					"@executable_path/Frameworks",
					"@loader_path/Frameworks",
				);
				PRODUCT_BUNDLE_IDENTIFIER = kevinJose.MoviesTests;
				PRODUCT_NAME = "$(TARGET_NAME)";
				SWIFT_VERSION = 4.2;
				TARGETED_DEVICE_FAMILY = "1,2";
				TEST_HOST = "$(BUILT_PRODUCTS_DIR)/Movies.app/Movies";
			};
			name = Release;
		};
/* End XCBuildConfiguration section */

/* Begin XCConfigurationList section */
		A3EF733C21B1787000E1FA5F /* Build configuration list for PBXProject "Movies" */ = {
			isa = XCConfigurationList;
			buildConfigurations = (
				A3EF735C21B1787C00E1FA5F /* Debug */,
				A3EF735D21B1787C00E1FA5F /* Release */,
			);
			defaultConfigurationIsVisible = 0;
			defaultConfigurationName = Release;
		};
		A3EF735E21B1787C00E1FA5F /* Build configuration list for PBXNativeTarget "Movies" */ = {
			isa = XCConfigurationList;
			buildConfigurations = (
				A3EF735F21B1787C00E1FA5F /* Debug */,
				A3EF736021B1787C00E1FA5F /* Release */,
			);
			defaultConfigurationIsVisible = 0;
			defaultConfigurationName = Release;
		};
		A3EF736121B1787C00E1FA5F /* Build configuration list for PBXNativeTarget "MoviesTests" */ = {
			isa = XCConfigurationList;
			buildConfigurations = (
				A3EF736221B1787C00E1FA5F /* Debug */,
				A3EF736321B1787C00E1FA5F /* Release */,
			);
			defaultConfigurationIsVisible = 0;
			defaultConfigurationName = Release;
		};
/* End XCConfigurationList section */
	};
	rootObject = A3EF733921B1787000E1FA5F /* Project object */;
}
